
Microsoft Visual Studio Solution File, Format Version 12.00
# Visual Studio Version 17
VisualStudioVersion = 17.4.33213.308
MinimumVisualStudioVersion = 10.0.40219.1
Project("{9A19103F-16F7-4668-BE54-9A1E7A4F7556}") = "SKSchool", "SKSchool\SKSchool.csproj", "{85CC479E-9B39-482A-A165-52354A5B23DC}"
EndProject
Global
	GlobalSection(SolutionConfigurationPlatforms) = preSolution
		Debug|Any CPU = Debug|Any CPU
		Release|Any CPU = Release|Any CPU
	EndGlobalSection
	GlobalSection(ProjectConfigurationPlatforms) = postSolution
		{85CC479E-9B39-482A-A165-52354A5B23DC}.Debug|Any CPU.ActiveCfg = Debug|Any CPU
		{85CC479E-9B39-482A-A165-52354A5B23DC}.Debug|Any CPU.Build.0 = Debug|Any CPU
		{85CC479E-9B39-482A-A165-52354A5B23DC}.Release|Any CPU.ActiveCfg = Release|Any CPU
		{85CC479E-9B39-482A-A165-52354A5B23DC}.Release|Any CPU.Build.0 = Release|Any CPU
	EndGlobalSection
	GlobalSection(SolutionProperties) = preSolution
		HideSolutionNode = FALSE
	EndGlobalSection
	GlobalSection(ExtensibilityGlobals) = postSolution
		SolutionGuid = {E18B9AD0-6264-4EB7-A794-B7458AC82AA5}
	EndGlobalSection
EndGlobal
